
Microsoft Visual Studio Solution File, Format Version 12.00
# Visual Studio Version 16
VisualStudioVersion = 16.0.31410.357
MinimumVisualStudioVersion = 10.0.40219.1
Project("{888888A0-9F3D-457C-B088-3A5042F75D52}") = "gui_R3", "gui_R3\gui_R3.pyproj", "{4E86A90F-7145-4F67-B2B1-24C36ABD365B}"
EndProject
Global
	GlobalSection(SolutionConfigurationPlatforms) = preSolution
		Debug|Any CPU = Debug|Any CPU
		Release|Any CPU = Release|Any CPU
	EndGlobalSection
	GlobalSection(ProjectConfigurationPlatforms) = postSolution
		{4E86A90F-7145-4F67-B2B1-24C36ABD365B}.Debug|Any CPU.ActiveCfg = Debug|Any CPU
		{4E86A90F-7145-4F67-B2B1-24C36ABD365B}.Release|Any CPU.ActiveCfg = Release|Any CPU
	EndGlobalSection
	GlobalSection(SolutionProperties) = preSolution
		HideSolutionNode = FALSE
	EndGlobalSection
	GlobalSection(ExtensibilityGlobals) = postSolution
		SolutionGuid = {87C50418-A171-42CD-B193-89F554C84435}
	EndGlobalSection
EndGlobal
